<?xml version="1.0" encoding="utf-8"?>
<Project ToolsVersion="4.0" xmlns="http://schemas.microsoft.com/developer/msbuild/2003">
  <ItemGroup>
    <Filter Include="Source Files">
      <UniqueIdentifier>{1e1844dd-3f5f-49c0-ba73-88cbcb433a8b}</UniqueIdentifier>
      <Extensions>cpp;c;cxx;rc;def;r;odl;idl;hpj;bat</Extensions>
    </Filter>
    <Filter Include="Header Files">
      <UniqueIdentifier>{b64c94e6-738f-46c0-a5be-6bd75a4aeda0}</UniqueIdentifier>
      <Extensions>h;hpp;hxx;hm;inl</Extensions>
    </Filter>
    <Filter Include="Resource Files">
      <UniqueIdentifier>{67f7c405-af79-4cd1-900b-b00c684a0333}</UniqueIdentifier>
      <Extensions>ico;cur;bmp;dlg;rc2;rct;bin;rgs;gif;jpg;jpeg;jpe</Extensions>
    </Filter>
  </ItemGroup>
  <ItemGroup>
    <ClCompile Include="Other\flatmirror.cpp">
      <Filter>Source Files</Filter>
    </ClCompile>
    <ClCompile Include="FMirrorPropertiesDlg.cpp">
      <Filter>Source Files</Filter>
    </ClCompile>
    <ClCompile Include="GeneralPropertiesDlg.cpp">
      <Filter>Source Files</Filter>
    </ClCompile>
    <ClCompile Include="Other\geometry.cpp">
      <Filter>Source Files</Filter>
    </ClCompile>
    <ClCompile Include="Other\gfxparamst.cpp">
      <Filter>Source Files</Filter>
    </ClCompile>
    <ClCompile Include="LBlockPropertiesDlg.cpp">
      <Filter>Source Files</Filter>
    </ClCompile>
    <ClCompile Include="Other\lens.cpp">
      <Filter>Source Files</Filter>
    </ClCompile>
    <ClCompile Include="LensPropertiesDlg.cpp">
      <Filter>Source Files</Filter>
    </ClCompile>
    <ClCompile Include="Other\lightblock.cpp">
      <Filter>Source Files</Filter>
    </ClCompile>
    <ClCompile Include="Other\lightsegment.cpp">
      <Filter>Source Files</Filter>
    </ClCompile>
    <ClCompile Include="Other\lightsource.cpp">
      <Filter>Source Files</Filter>
    </ClCompile>
    <ClCompile Include="LSourcePropertiesDlg.cpp">
      <Filter>Source Files</Filter>
    </ClCompile>
    <ClCompile Include="MainFrm.cpp">
      <Filter>Source Files</Filter>
    </ClCompile>
    <ClCompile Include="ObjPrpDialogs.cpp">
      <Filter>Source Files</Filter>
    </ClCompile>
    <ClCompile Include="OptimizeDlg.cpp">
      <Filter>Source Files</Filter>
    </ClCompile>
    <ClCompile Include="Other\optkernel.cpp">
      <Filter>Source Files</Filter>
    </ClCompile>
    <ClCompile Include="Other\optlist.cpp">
      <Filter>Source Files</Filter>
    </ClCompile>
    <ClCompile Include="Opto.cpp">
      <Filter>Source Files</Filter>
    </ClCompile>
    <ClCompile Include="OptoDoc.cpp">
      <Filter>Source Files</Filter>
    </ClCompile>
    <ClCompile Include="OptoView.cpp">
      <Filter>Source Files</Filter>
    </ClCompile>
    <ClCompile Include="PriorityDlg.cpp">
      <Filter>Source Files</Filter>
    </ClCompile>
    <ClCompile Include="Other\rayanimator.cpp">
      <Filter>Source Files</Filter>
    </ClCompile>
    <ClCompile Include="StdAfx.cpp">
      <Filter>Source Files</Filter>
    </ClCompile>
  </ItemGroup>
  <ItemGroup>
    <ResourceCompile Include="Opto.rc">
      <Filter>Source Files</Filter>
    </ResourceCompile>
  </ItemGroup>
  <ItemGroup>
    <ClInclude Include="Other\cflatmirror.h">
      <Filter>Header Files</Filter>
    </ClInclude>
    <ClInclude Include="Other\cgfxparamst.h">
      <Filter>Header Files</Filter>
    </ClInclude>
    <ClInclude Include="Other\clens.h">
      <Filter>Header Files</Filter>
    </ClInclude>
    <ClInclude Include="Other\clightblock.h">
      <Filter>Header Files</Filter>
    </ClInclude>
    <ClInclude Include="Other\clightsegment.h">
      <Filter>Header Files</Filter>
    </ClInclude>
    <ClInclude Include="Other\clightsource.h">
      <Filter>Header Files</Filter>
    </ClInclude>
    <ClInclude Include="Other\coptlist.h">
      <Filter>Header Files</Filter>
    </ClInclude>
    <ClInclude Include="Other\coptobject.h">
      <Filter>Header Files</Filter>
    </ClInclude>
    <ClInclude Include="Other\crayanimator.h">
      <Filter>Header Files</Filter>
    </ClInclude>
    <ClInclude Include="FMirrorPropertiesDlg.h">
      <Filter>Header Files</Filter>
    </ClInclude>
    <ClInclude Include="GeneralPropertiesDlg.h">
      <Filter>Header Files</Filter>
    </ClInclude>
    <ClInclude Include="Other\geometry.h">
      <Filter>Header Files</Filter>
    </ClInclude>
    <ClInclude Include="Other\globals.h">
      <Filter>Header Files</Filter>
    </ClInclude>
    <ClInclude Include="LBlockPropertiesDlg.h">
      <Filter>Header Files</Filter>
    </ClInclude>
    <ClInclude Include="LensPropertiesDlg.h">
      <Filter>Header Files</Filter>
    </ClInclude>
    <ClInclude Include="LSourcePropertiesDlg.h">
      <Filter>Header Files</Filter>
    </ClInclude>
    <ClInclude Include="MainFrm.h">
      <Filter>Header Files</Filter>
    </ClInclude>
    <ClInclude Include="ObjPrpDialogs.h">
      <Filter>Header Files</Filter>
    </ClInclude>
    <ClInclude Include="Other\optenums.h">
      <Filter>Header Files</Filter>
    </ClInclude>
    <ClInclude Include="OptimizeDlg.h">
      <Filter>Header Files</Filter>
    </ClInclude>
    <ClInclude Include="Other\optkernel.h">
      <Filter>Header Files</Filter>
    </ClInclude>
    <ClInclude Include="Opto.h">
      <Filter>Header Files</Filter>
    </ClInclude>
    <ClInclude Include="OptoDoc.h">
      <Filter>Header Files</Filter>
    </ClInclude>
    <ClInclude Include="OptoView.h">
      <Filter>Header Files</Filter>
    </ClInclude>
    <ClInclude Include="PriorityDlg.h">
      <Filter>Header Files</Filter>
    </ClInclude>
    <ClInclude Include="Resource.h">
      <Filter>Header Files</Filter>
    </ClInclude>
    <ClInclude Include="StdAfx.h">
      <Filter>Header Files</Filter>
    </ClInclude>
  </ItemGroup>
  <ItemGroup>
    <Image Include="res\mainframe3.ico">
      <Filter>Resource Files</Filter>
    </Image>
    <Image Include="res\Opto.ico">
      <Filter>Resource Files</Filter>
    </Image>
    <Image Include="res\OptoDoc.ico">
      <Filter>Resource Files</Filter>
    </Image>
    <Image Include="res\Toolbar.bmp">
      <Filter>Resource Files</Filter>
    </Image>
  </ItemGroup>
  <ItemGroup>
    <None Include="res\Opto.rc2">
      <Filter>Resource Files</Filter>
    </None>
  </ItemGroup>
</Project>